
Microsoft Visual Studio Solution File, Format Version 12.00
# Visual Studio Version 16
VisualStudioVersion = 16.0.29905.134
MinimumVisualStudioVersion = 10.0.40219.1
Project("{9A19103F-16F7-4668-BE54-9A1E7A4F7556}") = "CarWorkShop", "CarWorkShop\CarWorkShop.csproj", "{0AAD8128-7FDD-426D-B478-1643B0281E25}"
EndProject
Global
	GlobalSection(SolutionConfigurationPlatforms) = preSolution
		Debug|Any CPU = Debug|Any CPU
		Release|Any CPU = Release|Any CPU
	EndGlobalSection
	GlobalSection(ProjectConfigurationPlatforms) = postSolution
		{0AAD8128-7FDD-426D-B478-1643B0281E25}.Debug|Any CPU.ActiveCfg = Debug|Any CPU
		{0AAD8128-7FDD-426D-B478-1643B0281E25}.Debug|Any CPU.Build.0 = Debug|Any CPU
		{0AAD8128-7FDD-426D-B478-1643B0281E25}.Release|Any CPU.ActiveCfg = Release|Any CPU
		{0AAD8128-7FDD-426D-B478-1643B0281E25}.Release|Any CPU.Build.0 = Release|Any CPU
	EndGlobalSection
	GlobalSection(SolutionProperties) = preSolution
		HideSolutionNode = FALSE
	EndGlobalSection
	GlobalSection(ExtensibilityGlobals) = postSolution
		SolutionGuid = {7D3ED4A2-5E21-4576-B0D5-A0B2B37B2257}
	EndGlobalSection
EndGlobal
